// !$*UTF8*$!
{
	archiveVersion = 1;
	classes = {
	};
	objectVersion = 55;
	objects = {

/* Begin PBXBuildFile section */
		63DABE04295DE22400CD2538 /* TelegramParserApp.swift in Sources */ = {isa = PBXBuildFile; fileRef = 63DABE03295DE22400CD2538 /* TelegramParserApp.swift */; };
		63DABE06295DE22400CD2538 /* MessageView.swift in Sources */ = {isa = PBXBuildFile; fileRef = 63DABE05295DE22400CD2538 /* MessageView.swift */; };
		63DABE08295DE22500CD2538 /* Assets.xcassets in Resources */ = {isa = PBXBuildFile; fileRef = 63DABE07295DE22500CD2538 /* Assets.xcassets */; };
		63DABE0B295DE22500CD2538 /* Preview Assets.xcassets in Resources */ = {isa = PBXBuildFile; fileRef = 63DABE0A295DE22500CD2538 /* Preview Assets.xcassets */; };
		63DABE13295DE36700CD2538 /* TGChat.swift in Sources */ = {isa = PBXBuildFile; fileRef = 63DABE12295DE36700CD2538 /* TGChat.swift */; };
		63DABE16295DE38C00CD2538 /* TGMessage.swift in Sources */ = {isa = PBXBuildFile; fileRef = 63DABE15295DE38C00CD2538 /* TGMessage.swift */; };
		63DABE18295DE3AA00CD2538 /* TGTextEntity.swift in Sources */ = {isa = PBXBuildFile; fileRef = 63DABE17295DE3AA00CD2538 /* TGTextEntity.swift */; };
		63DABE1B295DE42500CD2538 /* ChatParser.swift in Sources */ = {isa = PBXBuildFile; fileRef = 63DABE1A295DE42500CD2538 /* ChatParser.swift */; };
		63DABE1D295E3CE700CD2538 /* debate.json in Resources */ = {isa = PBXBuildFile; fileRef = 63DABE1C295E3CE700CD2538 /* debate.json */; };
		63DABE1F295E578E00CD2538 /* food.json in Resources */ = {isa = PBXBuildFile; fileRef = 63DABE1E295E578E00CD2538 /* food.json */; };
		63DABE21295E7CDD00CD2538 /* main.json in Resources */ = {isa = PBXBuildFile; fileRef = 63DABE20295E7CDD00CD2538 /* main.json */; };
		63DABE23295E7D3B00CD2538 /* media.json in Resources */ = {isa = PBXBuildFile; fileRef = 63DABE22295E7D3B00CD2538 /* media.json */; };
		63DABE25295F3DBC00CD2538 /* fashion.json in Resources */ = {isa = PBXBuildFile; fileRef = 63DABE24295F3DBC00CD2538 /* fashion.json */; };
		63DABE27295F3DDD00CD2538 /* music.json in Resources */ = {isa = PBXBuildFile; fileRef = 63DABE26295F3DDD00CD2538 /* music.json */; };
		63DABE29295F422400CD2538 /* TGMessageAction.swift in Sources */ = {isa = PBXBuildFile; fileRef = 63DABE28295F422400CD2538 /* TGMessageAction.swift */; };
		63DABE2B295F423700CD2538 /* TGFrom.swift in Sources */ = {isa = PBXBuildFile; fileRef = 63DABE2A295F423700CD2538 /* TGFrom.swift */; };
		63DABE2D295F424800CD2538 /* TGMessageType.swift in Sources */ = {isa = PBXBuildFile; fileRef = 63DABE2C295F424800CD2538 /* TGMessageType.swift */; };
/* End PBXBuildFile section */

/* Begin PBXFileReference section */
		63DABE00295DE22400CD2538 /* TelegramParser.app */ = {isa = PBXFileReference; explicitFileType = wrapper.application; includeInIndex = 0; path = TelegramParser.app; sourceTree = BUILT_PRODUCTS_DIR; };
		63DABE03295DE22400CD2538 /* TelegramParserApp.swift */ = {isa = PBXFileReference; lastKnownFileType = sourcecode.swift; path = TelegramParserApp.swift; sourceTree = "<group>"; };
		63DABE05295DE22400CD2538 /* MessageView.swift */ = {isa = PBXFileReference; lastKnownFileType = sourcecode.swift; path = MessageView.swift; sourceTree = "<group>"; };
		63DABE07295DE22500CD2538 /* Assets.xcassets */ = {isa = PBXFileReference; lastKnownFileType = folder.assetcatalog; path = Assets.xcassets; sourceTree = "<group>"; };
		63DABE0A295DE22500CD2538 /* Preview Assets.xcassets */ = {isa = PBXFileReference; lastKnownFileType = folder.assetcatalog; path = "Preview Assets.xcassets"; sourceTree = "<group>"; };
		63DABE0C295DE22500CD2538 /* TelegramParser.entitlements */ = {isa = PBXFileReference; lastKnownFileType = text.plist.entitlements; path = TelegramParser.entitlements; sourceTree = "<group>"; };
		63DABE12295DE36700CD2538 /* TGChat.swift */ = {isa = PBXFileReference; lastKnownFileType = sourcecode.swift; path = TGChat.swift; sourceTree = "<group>"; };
		63DABE15295DE38C00CD2538 /* TGMessage.swift */ = {isa = PBXFileReference; lastKnownFileType = sourcecode.swift; path = TGMessage.swift; sourceTree = "<group>"; };
		63DABE17295DE3AA00CD2538 /* TGTextEntity.swift */ = {isa = PBXFileReference; lastKnownFileType = sourcecode.swift; path = TGTextEntity.swift; sourceTree = "<group>"; };
		63DABE1A295DE42500CD2538 /* ChatParser.swift */ = {isa = PBXFileReference; lastKnownFileType = sourcecode.swift; path = ChatParser.swift; sourceTree = "<group>"; };
		63DABE1C295E3CE700CD2538 /* debate.json */ = {isa = PBXFileReference; fileEncoding = 4; lastKnownFileType = text.json; path = debate.json; sourceTree = "<group>"; };
		63DABE1E295E578E00CD2538 /* food.json */ = {isa = PBXFileReference; fileEncoding = 4; lastKnownFileType = text.json; path = food.json; sourceTree = "<group>"; };
		63DABE20295E7CDD00CD2538 /* main.json */ = {isa = PBXFileReference; fileEncoding = 4; lastKnownFileType = text.json; path = main.json; sourceTree = "<group>"; };
		63DABE22295E7D3B00CD2538 /* media.json */ = {isa = PBXFileReference; fileEncoding = 4; lastKnownFileType = text.json; path = media.json; sourceTree = "<group>"; };
		63DABE24295F3DBC00CD2538 /* fashion.json */ = {isa = PBXFileReference; fileEncoding = 4; lastKnownFileType = text.json; path = fashion.json; sourceTree = "<group>"; };
		63DABE26295F3DDD00CD2538 /* music.json */ = {isa = PBXFileReference; fileEncoding = 4; lastKnownFileType = text.json; path = music.json; sourceTree = "<group>"; };
		63DABE28295F422400CD2538 /* TGMessageAction.swift */ = {isa = PBXFileReference; lastKnownFileType = sourcecode.swift; path = TGMessageAction.swift; sourceTree = "<group>"; };
		63DABE2A295F423700CD2538 /* TGFrom.swift */ = {isa = PBXFileReference; lastKnownFileType = sourcecode.swift; path = TGFrom.swift; sourceTree = "<group>"; };
		63DABE2C295F424800CD2538 /* TGMessageType.swift */ = {isa = PBXFileReference; lastKnownFileType = sourcecode.swift; path = TGMessageType.swift; sourceTree = "<group>"; };
/* End PBXFileReference section */

/* Begin PBXFrameworksBuildPhase section */
		63DABDFD295DE22400CD2538 /* Frameworks */ = {
			isa = PBXFrameworksBuildPhase;
			buildActionMask = 2147483647;
			files = (
			);
			runOnlyForDeploymentPostprocessing = 0;
		};
/* End PBXFrameworksBuildPhase section */

/* Begin PBXGroup section */
		63DABDF7295DE22400CD2538 = {
			isa = PBXGroup;
			children = (
				63DABE26295F3DDD00CD2538 /* music.json */,
				63DABE24295F3DBC00CD2538 /* fashion.json */,
				63DABE22295E7D3B00CD2538 /* media.json */,
				63DABE20295E7CDD00CD2538 /* main.json */,
				63DABE1E295E578E00CD2538 /* food.json */,
				63DABE1C295E3CE700CD2538 /* debate.json */,
				63DABE02295DE22400CD2538 /* TelegramParser */,
				63DABE01295DE22400CD2538 /* Products */,
			);
			sourceTree = "<group>";
		};
		63DABE01295DE22400CD2538 /* Products */ = {
			isa = PBXGroup;
			children = (
				63DABE00295DE22400CD2538 /* TelegramParser.app */,
			);
			name = Products;
			sourceTree = "<group>";
		};
		63DABE02295DE22400CD2538 /* TelegramParser */ = {
			isa = PBXGroup;
			children = (
				63DABE19295DE3BB00CD2538 /* Views */,
				63DABE14295DE37900CD2538 /* Models */,
				63DABE03295DE22400CD2538 /* TelegramParserApp.swift */,
				63DABE07295DE22500CD2538 /* Assets.xcassets */,
				63DABE0C295DE22500CD2538 /* TelegramParser.entitlements */,
				63DABE09295DE22500CD2538 /* Preview Content */,
				63DABE1A295DE42500CD2538 /* ChatParser.swift */,
			);
			path = TelegramParser;
			sourceTree = "<group>";
		};
		63DABE09295DE22500CD2538 /* Preview Content */ = {
			isa = PBXGroup;
			children = (
				63DABE0A295DE22500CD2538 /* Preview Assets.xcassets */,
			);
			path = "Preview Content";
			sourceTree = "<group>";
		};
		63DABE14295DE37900CD2538 /* Models */ = {
			isa = PBXGroup;
			children = (
				63DABE12295DE36700CD2538 /* TGChat.swift */,
				63DABE15295DE38C00CD2538 /* TGMessage.swift */,
				63DABE2C295F424800CD2538 /* TGMessageType.swift */,
				63DABE17295DE3AA00CD2538 /* TGTextEntity.swift */,
				63DABE28295F422400CD2538 /* TGMessageAction.swift */,
				63DABE2A295F423700CD2538 /* TGFrom.swift */,
			);
			path = Models;
			sourceTree = "<group>";
		};
		63DABE19295DE3BB00CD2538 /* Views */ = {
			isa = PBXGroup;
			children = (
				63DABE05295DE22400CD2538 /* MessageView.swift */,
			);
			path = Views;
			sourceTree = "<group>";
		};
/* End PBXGroup section */

/* Begin PBXNativeTarget section */
		63DABDFF295DE22400CD2538 /* TelegramParser */ = {
			isa = PBXNativeTarget;
			buildConfigurationList = 63DABE0F295DE22500CD2538 /* Build configuration list for PBXNativeTarget "TelegramParser" */;
			buildPhases = (
				63DABDFC295DE22400CD2538 /* Sources */,
				63DABDFD295DE22400CD2538 /* Frameworks */,
				63DABDFE295DE22400CD2538 /* Resources */,
			);
			buildRules = (
			);
			dependencies = (
			);
			name = TelegramParser;
			productName = TelegramParser;
			productReference = 63DABE00295DE22400CD2538 /* TelegramParser.app */;
			productType = "com.apple.product-type.application";
		};
/* End PBXNativeTarget section */

/* Begin PBXProject section */
		63DABDF8295DE22400CD2538 /* Project object */ = {
			isa = PBXProject;
			attributes = {
				BuildIndependentTargetsInParallel = 1;
				LastSwiftUpdateCheck = 1320;
				LastUpgradeCheck = 1320;
				TargetAttributes = {
					63DABDFF295DE22400CD2538 = {
						CreatedOnToolsVersion = 13.2.1;
					};
				};
			};
			buildConfigurationList = 63DABDFB295DE22400CD2538 /* Build configuration list for PBXProject "TelegramParser" */;
			compatibilityVersion = "Xcode 13.0";
			developmentRegion = en;
			hasScannedForEncodings = 0;
			knownRegions = (
				en,
				Base,
			);
			mainGroup = 63DABDF7295DE22400CD2538;
			productRefGroup = 63DABE01295DE22400CD2538 /* Products */;
			projectDirPath = "";
			projectRoot = "";
			targets = (
				63DABDFF295DE22400CD2538 /* TelegramParser */,
			);
		};
/* End PBXProject section */

/* Begin PBXResourcesBuildPhase section */
		63DABDFE295DE22400CD2538 /* Resources */ = {
			isa = PBXResourcesBuildPhase;
			buildActionMask = 2147483647;
			files = (
				63DABE21295E7CDD00CD2538 /* main.json in Resources */,
				63DABE0B295DE22500CD2538 /* Preview Assets.xcassets in Resources */,
				63DABE27295F3DDD00CD2538 /* music.json in Resources */,
				63DABE1D295E3CE700CD2538 /* debate.json in Resources */,
				63DABE25295F3DBC00CD2538 /* fashion.json in Resources */,
				63DABE1F295E578E00CD2538 /* food.json in Resources */,
				63DABE23295E7D3B00CD2538 /* media.json in Resources */,
				63DABE08295DE22500CD2538 /* Assets.xcassets in Resources */,
			);
			runOnlyForDeploymentPostprocessing = 0;
		};
/* End PBXResourcesBuildPhase section */

/* Begin PBXSourcesBuildPhase section */
		63DABDFC295DE22400CD2538 /* Sources */ = {
			isa = PBXSourcesBuildPhase;
			buildActionMask = 2147483647;
			files = (
				63DABE1B295DE42500CD2538 /* ChatParser.swift in Sources */,
				63DABE13295DE36700CD2538 /* TGChat.swift in Sources */,
				63DABE29295F422400CD2538 /* TGMessageAction.swift in Sources */,
				63DABE06295DE22400CD2538 /* MessageView.swift in Sources */,
				63DABE2D295F424800CD2538 /* TGMessageType.swift in Sources */,
				63DABE16295DE38C00CD2538 /* TGMessage.swift in Sources */,
				63DABE04295DE22400CD2538 /* TelegramParserApp.swift in Sources */,
				63DABE2B295F423700CD2538 /* TGFrom.swift in Sources */,
				63DABE18295DE3AA00CD2538 /* TGTextEntity.swift in Sources */,
			);
			runOnlyForDeploymentPostprocessing = 0;
		};
/* End PBXSourcesBuildPhase section */

/* Begin XCBuildConfiguration section */
		63DABE0D295DE22500CD2538 /* Debug */ = {
			isa = XCBuildConfiguration;
			buildSettings = {
				ALWAYS_SEARCH_USER_PATHS = NO;
				CLANG_ANALYZER_NONNULL = YES;
				CLANG_ANALYZER_NUMBER_OBJECT_CONVERSION = YES_AGGRESSIVE;
				CLANG_CXX_LANGUAGE_STANDARD = "gnu++17";
				CLANG_CXX_LIBRARY = "libc++";
				CLANG_ENABLE_MODULES = YES;
				CLANG_ENABLE_OBJC_ARC = YES;
				CLANG_ENABLE_OBJC_WEAK = YES;
				CLANG_WARN_BLOCK_CAPTURE_AUTORELEASING = YES;
				CLANG_WARN_BOOL_CONVERSION = YES;
				CLANG_WARN_COMMA = YES;
				CLANG_WARN_CONSTANT_CONVERSION = YES;
				CLANG_WARN_DEPRECATED_OBJC_IMPLEMENTATIONS = YES;
				CLANG_WARN_DIRECT_OBJC_ISA_USAGE = YES_ERROR;
				CLANG_WARN_DOCUMENTATION_COMMENTS = YES;
				CLANG_WARN_EMPTY_BODY = YES;
				CLANG_WARN_ENUM_CONVERSION = YES;
				CLANG_WARN_INFINITE_RECURSION = YES;
				CLANG_WARN_INT_CONVERSION = YES;
				CLANG_WARN_NON_LITERAL_NULL_CONVERSION = YES;
				CLANG_WARN_OBJC_IMPLICIT_RETAIN_SELF = YES;
				CLANG_WARN_OBJC_LITERAL_CONVERSION = YES;
				CLANG_WARN_OBJC_ROOT_CLASS = YES_ERROR;
				CLANG_WARN_QUOTED_INCLUDE_IN_FRAMEWORK_HEADER = YES;
				CLANG_WARN_RANGE_LOOP_ANALYSIS = YES;
				CLANG_WARN_STRICT_PROTOTYPES = YES;
				CLANG_WARN_SUSPICIOUS_MOVE = YES;
				CLANG_WARN_UNGUARDED_AVAILABILITY = YES_AGGRESSIVE;
				CLANG_WARN_UNREACHABLE_CODE = YES;
				CLANG_WARN__DUPLICATE_METHOD_MATCH = YES;
				COPY_PHASE_STRIP = NO;
				DEBUG_INFORMATION_FORMAT = dwarf;
				ENABLE_STRICT_OBJC_MSGSEND = YES;
				ENABLE_TESTABILITY = YES;
				GCC_C_LANGUAGE_STANDARD = gnu11;
				GCC_DYNAMIC_NO_PIC = NO;
				GCC_NO_COMMON_BLOCKS = YES;
				GCC_OPTIMIZATION_LEVEL = 0;
				GCC_PREPROCESSOR_DEFINITIONS = (
					"DEBUG=1",
					"$(inherited)",
				);
				GCC_WARN_64_TO_32_BIT_CONVERSION = YES;
				GCC_WARN_ABOUT_RETURN_TYPE = YES_ERROR;
				GCC_WARN_UNDECLARED_SELECTOR = YES;
				GCC_WARN_UNINITIALIZED_AUTOS = YES_AGGRESSIVE;
				GCC_WARN_UNUSED_FUNCTION = YES;
				GCC_WARN_UNUSED_VARIABLE = YES;
				MACOSX_DEPLOYMENT_TARGET = 12.1;
				MTL_ENABLE_DEBUG_INFO = INCLUDE_SOURCE;
				MTL_FAST_MATH = YES;
				ONLY_ACTIVE_ARCH = YES;
				SDKROOT = macosx;
				SWIFT_ACTIVE_COMPILATION_CONDITIONS = DEBUG;
				SWIFT_OPTIMIZATION_LEVEL = "-Onone";
			};
			name = Debug;
		};
		63DABE0E295DE22500CD2538 /* Release */ = {
			isa = XCBuildConfiguration;
			buildSettings = {
				ALWAYS_SEARCH_USER_PATHS = NO;
				CLANG_ANALYZER_NONNULL = YES;
				CLANG_ANALYZER_NUMBER_OBJECT_CONVERSION = YES_AGGRESSIVE;
				CLANG_CXX_LANGUAGE_STANDARD = "gnu++17";
				CLANG_CXX_LIBRARY = "libc++";
				CLANG_ENABLE_MODULES = YES;
				CLANG_ENABLE_OBJC_ARC = YES;
				CLANG_ENABLE_OBJC_WEAK = YES;
				CLANG_WARN_BLOCK_CAPTURE_AUTORELEASING = YES;
				CLANG_WARN_BOOL_CONVERSION = YES;
				CLANG_WARN_COMMA = YES;
				CLANG_WARN_CONSTANT_CONVERSION = YES;
				CLANG_WARN_DEPRECATED_OBJC_IMPLEMENTATIONS = YES;
				CLANG_WARN_DIRECT_OBJC_ISA_USAGE = YES_ERROR;
				CLANG_WARN_DOCUMENTATION_COMMENTS = YES;
				CLANG_WARN_EMPTY_BODY = YES;
				CLANG_WARN_ENUM_CONVERSION = YES;
				CLANG_WARN_INFINITE_RECURSION = YES;
				CLANG_WARN_INT_CONVERSION = YES;
				CLANG_WARN_NON_LITERAL_NULL_CONVERSION = YES;
				CLANG_WARN_OBJC_IMPLICIT_RETAIN_SELF = YES;
				CLANG_WARN_OBJC_LITERAL_CONVERSION = YES;
				CLANG_WARN_OBJC_ROOT_CLASS = YES_ERROR;
				CLANG_WARN_QUOTED_INCLUDE_IN_FRAMEWORK_HEADER = YES;
				CLANG_WARN_RANGE_LOOP_ANALYSIS = YES;
				CLANG_WARN_STRICT_PROTOTYPES = YES;
				CLANG_WARN_SUSPICIOUS_MOVE = YES;
				CLANG_WARN_UNGUARDED_AVAILABILITY = YES_AGGRESSIVE;
				CLANG_WARN_UNREACHABLE_CODE = YES;
				CLANG_WARN__DUPLICATE_METHOD_MATCH = YES;
				COPY_PHASE_STRIP = NO;
				DEBUG_INFORMATION_FORMAT = "dwarf-with-dsym";
				ENABLE_NS_ASSERTIONS = NO;
				ENABLE_STRICT_OBJC_MSGSEND = YES;
				GCC_C_LANGUAGE_STANDARD = gnu11;
				GCC_NO_COMMON_BLOCKS = YES;
				GCC_WARN_64_TO_32_BIT_CONVERSION = YES;
				GCC_WARN_ABOUT_RETURN_TYPE = YES_ERROR;
				GCC_WARN_UNDECLARED_SELECTOR = YES;
				GCC_WARN_UNINITIALIZED_AUTOS = YES_AGGRESSIVE;
				GCC_WARN_UNUSED_FUNCTION = YES;
				GCC_WARN_UNUSED_VARIABLE = YES;
				MACOSX_DEPLOYMENT_TARGET = 12.1;
				MTL_ENABLE_DEBUG_INFO = NO;
				MTL_FAST_MATH = YES;
				SDKROOT = macosx;
				SWIFT_COMPILATION_MODE = wholemodule;
				SWIFT_OPTIMIZATION_LEVEL = "-O";
			};
			name = Release;
		};
		63DABE10295DE22500CD2538 /* Debug */ = {
			isa = XCBuildConfiguration;
			buildSettings = {
				ASSETCATALOG_COMPILER_APPICON_NAME = AppIcon;
				ASSETCATALOG_COMPILER_GLOBAL_ACCENT_COLOR_NAME = AccentColor;
				CODE_SIGN_ENTITLEMENTS = TelegramParser/TelegramParser.entitlements;
				CODE_SIGN_STYLE = Automatic;
				COMBINE_HIDPI_IMAGES = YES;
				CURRENT_PROJECT_VERSION = 1;
				DEVELOPMENT_ASSET_PATHS = "\"TelegramParser/Preview Content\"";
				DEVELOPMENT_TEAM = A6K9P929M9;
				ENABLE_HARDENED_RUNTIME = YES;
				ENABLE_PREVIEWS = YES;
				GENERATE_INFOPLIST_FILE = YES;
				INFOPLIST_KEY_NSHumanReadableCopyright = "";
				LD_RUNPATH_SEARCH_PATHS = (
					"$(inherited)",
					"@executable_path/../Frameworks",
				);
				MARKETING_VERSION = 1.0;
				PRODUCT_BUNDLE_IDENTIFIER = com.piofusco.TelegramParser;
				PRODUCT_NAME = "$(TARGET_NAME)";
				SWIFT_EMIT_LOC_STRINGS = YES;
				SWIFT_VERSION = 5.0;
			};
			name = Debug;
		};
		63DABE11295DE22500CD2538 /* Release */ = {
			isa = XCBuildConfiguration;
			buildSettings = {
				ASSETCATALOG_COMPILER_APPICON_NAME = AppIcon;
				ASSETCATALOG_COMPILER_GLOBAL_ACCENT_COLOR_NAME = AccentColor;
				CODE_SIGN_ENTITLEMENTS = TelegramParser/TelegramParser.entitlements;
				CODE_SIGN_STYLE = Automatic;
				COMBINE_HIDPI_IMAGES = YES;
				CURRENT_PROJECT_VERSION = 1;
				DEVELOPMENT_ASSET_PATHS = "\"TelegramParser/Preview Content\"";
				DEVELOPMENT_TEAM = A6K9P929M9;
				ENABLE_HARDENED_RUNTIME = YES;
				ENABLE_PREVIEWS = YES;
				GENERATE_INFOPLIST_FILE = YES;
				INFOPLIST_KEY_NSHumanReadableCopyright = "";
				LD_RUNPATH_SEARCH_PATHS = (
					"$(inherited)",
					"@executable_path/../Frameworks",
				);
				MARKETING_VERSION = 1.0;
				PRODUCT_BUNDLE_IDENTIFIER = com.piofusco.TelegramParser;
				PRODUCT_NAME = "$(TARGET_NAME)";
				SWIFT_EMIT_LOC_STRINGS = YES;
				SWIFT_VERSION = 5.0;
			};
			name = Release;
		};
/* End XCBuildConfiguration section */

/* Begin XCConfigurationList section */
		63DABDFB295DE22400CD2538 /* Build configuration list for PBXProject "TelegramParser" */ = {
			isa = XCConfigurationList;
			buildConfigurations = (
				63DABE0D295DE22500CD2538 /* Debug */,
				63DABE0E295DE22500CD2538 /* Release */,
			);
			defaultConfigurationIsVisible = 0;
			defaultConfigurationName = Release;
		};
		63DABE0F295DE22500CD2538 /* Build configuration list for PBXNativeTarget "TelegramParser" */ = {
			isa = XCConfigurationList;
			buildConfigurations = (
				63DABE10295DE22500CD2538 /* Debug */,
				63DABE11295DE22500CD2538 /* Release */,
			);
			defaultConfigurationIsVisible = 0;
			defaultConfigurationName = Release;
		};
/* End XCConfigurationList section */
	};
	rootObject = 63DABDF8295DE22400CD2538 /* Project object */;
}
